
Microsoft Visual Studio Solution File, Format Version 12.00
# Visual Studio Version 17
VisualStudioVersion = 17.4.33205.214
MinimumVisualStudioVersion = 10.0.40219.1
Project("{9A19103F-16F7-4668-BE54-9A1E7A4F7556}") = "AspDotNetLab1", "AspDotNetLabs\AspDotNetLab1.csproj", "{93800CFA-0468-4E14-99EE-CB1F85FAE5F5}"
EndProject
Project("{FAE04EC0-301F-11D3-BF4B-00C04F79EFBC}") = "AspDotNetLab2", "AspDotNetLab2\AspDotNetLab2.csproj", "{706DEF31-FBCE-4B0F-8FFB-A28A9FFE29C1}"
EndProject
Global
	GlobalSection(SolutionConfigurationPlatforms) = preSolution
		Debug|Any CPU = Debug|Any CPU
		Release|Any CPU = Release|Any CPU
	EndGlobalSection
	GlobalSection(ProjectConfigurationPlatforms) = postSolution
		{93800CFA-0468-4E14-99EE-CB1F85FAE5F5}.Debug|Any CPU.ActiveCfg = Debug|Any CPU
		{93800CFA-0468-4E14-99EE-CB1F85FAE5F5}.Debug|Any CPU.Build.0 = Debug|Any CPU
		{93800CFA-0468-4E14-99EE-CB1F85FAE5F5}.Release|Any CPU.ActiveCfg = Release|Any CPU
		{93800CFA-0468-4E14-99EE-CB1F85FAE5F5}.Release|Any CPU.Build.0 = Release|Any CPU
		{706DEF31-FBCE-4B0F-8FFB-A28A9FFE29C1}.Debug|Any CPU.ActiveCfg = Debug|Any CPU
		{706DEF31-FBCE-4B0F-8FFB-A28A9FFE29C1}.Debug|Any CPU.Build.0 = Debug|Any CPU
		{706DEF31-FBCE-4B0F-8FFB-A28A9FFE29C1}.Release|Any CPU.ActiveCfg = Release|Any CPU
		{706DEF31-FBCE-4B0F-8FFB-A28A9FFE29C1}.Release|Any CPU.Build.0 = Release|Any CPU
	EndGlobalSection
	GlobalSection(SolutionProperties) = preSolution
		HideSolutionNode = FALSE
	EndGlobalSection
	GlobalSection(ExtensibilityGlobals) = postSolution
		SolutionGuid = {CE687968-8ECF-403B-919F-8D16F53470DC}
	EndGlobalSection
EndGlobal
